PODS:
  - Koloda (4.6):
    - pop (~> 1.0)
  - pop (1.0.12)

DEPENDENCIES:
  - Koloda (from `https://github.com/Yalantis/Koloda.git`)

SPEC REPOS:
  https://github.com/cocoapods/specs.git:
    - pop

EXTERNAL SOURCES:
  Koloda:
    :git: https://github.com/Yalantis/Koloda.git

CHECKOUT OPTIONS:
  Koloda:
    :commit: 89da17e26dfe8154e393a462ac13fed56f3b6fd7
    :git: https://github.com/Yalantis/Koloda.git

SPEC CHECKSUMS:
  Koloda: bcf5acded25fc49020d1447ed8ddd87e14d01e7e
  pop: d582054913807fd11fd50bfe6a539d91c7e1a55a

PODFILE CHECKSUM: e75b52e033ab9a79dd4a291b097cdd34d97777ca

COCOAPODS: 1.5.3
